
Microsoft Visual Studio Solution File, Format Version 12.00
# Visual Studio Version 16
VisualStudioVersion = 16.0.30225.117
MinimumVisualStudioVersion = 10.0.40219.1
Project("{E24C65DC-7377-472B-9ABA-BC803B73C61A}") = "UniversityWebsite", "P:\comp3311\UniversityWebsite\UniversityWebsite", "{BD6B6D65-547D-4D01-85FC-735B87DBA75C}"
	ProjectSection(WebsiteProperties) = preProject
		TargetFrameworkMoniker = ".NETFramework,Version%3Dv4.6.1"
		Debug.AspNetCompiler.VirtualPath = "/localhost_60192"
		Debug.AspNetCompiler.PhysicalPath = "P:\comp3311\UniversityWebsite\UniversityWebsite\"
		Debug.AspNetCompiler.TargetPath = "PrecompiledWeb\localhost_60192\"
		Debug.AspNetCompiler.Updateable = "true"
		Debug.AspNetCompiler.ForceOverwrite = "true"
		Debug.AspNetCompiler.FixedNames = "false"
		Debug.AspNetCompiler.Debug = "True"
		Release.AspNetCompiler.VirtualPath = "/localhost_60192"
		Release.AspNetCompiler.PhysicalPath = "P:\comp3311\UniversityWebsite\UniversityWebsite\"
		Release.AspNetCompiler.TargetPath = "PrecompiledWeb\localhost_60192\"
		Release.AspNetCompiler.Updateable = "true"
		Release.AspNetCompiler.ForceOverwrite = "true"
		Release.AspNetCompiler.FixedNames = "false"
		Release.AspNetCompiler.Debug = "False"
		VWDPort = "60192"
	EndProjectSection
EndProject
Global
	GlobalSection(SolutionConfigurationPlatforms) = preSolution
		Debug|Any CPU = Debug|Any CPU
	EndGlobalSection
	GlobalSection(ProjectConfigurationPlatforms) = postSolution
		{BD6B6D65-547D-4D01-85FC-735B87DBA75C}.Debug|Any CPU.ActiveCfg = Debug|Any CPU
		{BD6B6D65-547D-4D01-85FC-735B87DBA75C}.Debug|Any CPU.Build.0 = Debug|Any CPU
	EndGlobalSection
	GlobalSection(SolutionProperties) = preSolution
		HideSolutionNode = FALSE
	EndGlobalSection
	GlobalSection(ExtensibilityGlobals) = postSolution
		SolutionGuid = {26932ACE-C9B6-4507-9430-4B4984CD51E6}
	EndGlobalSection
EndGlobal
